
Microsoft Visual Studio Solution File, Format Version 12.00
# Visual Studio 14
VisualStudioVersion = 14.0.23107.0
MinimumVisualStudioVersion = 10.0.40219.1
Project("{FAE04EC0-301F-11D3-BF4B-00C04F79EFBC}") = "AntAlgorithms", "AntAlgorithms.csproj", "{4699845E-D528-4B8F-8282-528302F9F24E}"
EndProject
Project("{FAE04EC0-301F-11D3-BF4B-00C04F79EFBC}") = "Basic", "..\Basic\Basic.csproj", "{CF4FC03F-5B89-4670-94E9-8703215FBD52}"
EndProject
Project("{FAE04EC0-301F-11D3-BF4B-00C04F79EFBC}") = "BasicTests", "BasicTests\BasicTests.csproj", "{9379834C-3F24-4D0F-BF11-94DAB5FE6FD6}"
EndProject
Project("{FAE04EC0-301F-11D3-BF4B-00C04F79EFBC}") = "ParallelOptimisation", "..\ParallelOptimisation\ParallelOptimisation.csproj", "{E71C50D2-E6A4-42A0-8792-50B9B7CF873B}"
EndProject
Project("{FAE04EC0-301F-11D3-BF4B-00C04F79EFBC}") = "ParallelOptimisationWithInheritance", "ParallelOptimisationWithInheritance\ParallelOptimisationWithInheritance.csproj", "{62A68DC6-3174-499B-8E4D-814C6214D86F}"
EndProject
Global
	GlobalSection(SolutionConfigurationPlatforms) = preSolution
		Debug|Any CPU = Debug|Any CPU
		Release|Any CPU = Release|Any CPU
	EndGlobalSection
	GlobalSection(ProjectConfigurationPlatforms) = postSolution
		{4699845E-D528-4B8F-8282-528302F9F24E}.Debug|Any CPU.ActiveCfg = Debug|Any CPU
		{4699845E-D528-4B8F-8282-528302F9F24E}.Debug|Any CPU.Build.0 = Debug|Any CPU
		{4699845E-D528-4B8F-8282-528302F9F24E}.Release|Any CPU.ActiveCfg = Release|Any CPU
		{4699845E-D528-4B8F-8282-528302F9F24E}.Release|Any CPU.Build.0 = Release|Any CPU
		{CF4FC03F-5B89-4670-94E9-8703215FBD52}.Debug|Any CPU.ActiveCfg = Debug|Any CPU
		{CF4FC03F-5B89-4670-94E9-8703215FBD52}.Debug|Any CPU.Build.0 = Debug|Any CPU
		{CF4FC03F-5B89-4670-94E9-8703215FBD52}.Release|Any CPU.ActiveCfg = Release|Any CPU
		{CF4FC03F-5B89-4670-94E9-8703215FBD52}.Release|Any CPU.Build.0 = Release|Any CPU
		{9379834C-3F24-4D0F-BF11-94DAB5FE6FD6}.Debug|Any CPU.ActiveCfg = Debug|Any CPU
		{9379834C-3F24-4D0F-BF11-94DAB5FE6FD6}.Debug|Any CPU.Build.0 = Debug|Any CPU
		{9379834C-3F24-4D0F-BF11-94DAB5FE6FD6}.Release|Any CPU.ActiveCfg = Release|Any CPU
		{9379834C-3F24-4D0F-BF11-94DAB5FE6FD6}.Release|Any CPU.Build.0 = Release|Any CPU
		{E71C50D2-E6A4-42A0-8792-50B9B7CF873B}.Debug|Any CPU.ActiveCfg = Debug|Any CPU
		{E71C50D2-E6A4-42A0-8792-50B9B7CF873B}.Debug|Any CPU.Build.0 = Debug|Any CPU
		{E71C50D2-E6A4-42A0-8792-50B9B7CF873B}.Release|Any CPU.ActiveCfg = Release|Any CPU
		{E71C50D2-E6A4-42A0-8792-50B9B7CF873B}.Release|Any CPU.Build.0 = Release|Any CPU
		{62A68DC6-3174-499B-8E4D-814C6214D86F}.Debug|Any CPU.ActiveCfg = Debug|Any CPU
		{62A68DC6-3174-499B-8E4D-814C6214D86F}.Debug|Any CPU.Build.0 = Debug|Any CPU
		{62A68DC6-3174-499B-8E4D-814C6214D86F}.Release|Any CPU.ActiveCfg = Release|Any CPU
		{62A68DC6-3174-499B-8E4D-814C6214D86F}.Release|Any CPU.Build.0 = Release|Any CPU
	EndGlobalSection
	GlobalSection(SolutionProperties) = preSolution
		HideSolutionNode = FALSE
	EndGlobalSection
EndGlobal
